
Microsoft Visual Studio Solution File, Format Version 12.00
# Visual Studio Version 17
VisualStudioVersion = 17.5.33318.248
MinimumVisualStudioVersion = 10.0.40219.1
Project("{9A19103F-16F7-4668-BE54-9A1E7A4F7556}") = "CoreWebApi", "CoreWebApi.csproj", "{11392018-05AA-48E7-B027-18FF38CBAFE8}"
EndProject
Project("{FAE04EC0-301F-11D3-BF4B-00C04F79EFBC}") = "TestCoreWebApi", "..\TestCoreWebApi\TestCoreWebApi.csproj", "{163E7D56-366C-4AE3-8009-0F2642CBA700}"
EndProject
Global
	GlobalSection(SolutionConfigurationPlatforms) = preSolution
		Debug|Any CPU = Debug|Any CPU
		Release|Any CPU = Release|Any CPU
	EndGlobalSection
	GlobalSection(ProjectConfigurationPlatforms) = postSolution
		{11392018-05AA-48E7-B027-18FF38CBAFE8}.Debug|Any CPU.ActiveCfg = Debug|Any CPU
		{11392018-05AA-48E7-B027-18FF38CBAFE8}.Debug|Any CPU.Build.0 = Debug|Any CPU
		{11392018-05AA-48E7-B027-18FF38CBAFE8}.Release|Any CPU.ActiveCfg = Release|Any CPU
		{11392018-05AA-48E7-B027-18FF38CBAFE8}.Release|Any CPU.Build.0 = Release|Any CPU
		{163E7D56-366C-4AE3-8009-0F2642CBA700}.Debug|Any CPU.ActiveCfg = Debug|Any CPU
		{163E7D56-366C-4AE3-8009-0F2642CBA700}.Debug|Any CPU.Build.0 = Debug|Any CPU
		{163E7D56-366C-4AE3-8009-0F2642CBA700}.Release|Any CPU.ActiveCfg = Release|Any CPU
		{163E7D56-366C-4AE3-8009-0F2642CBA700}.Release|Any CPU.Build.0 = Release|Any CPU
	EndGlobalSection
	GlobalSection(SolutionProperties) = preSolution
		HideSolutionNode = FALSE
	EndGlobalSection
	GlobalSection(ExtensibilityGlobals) = postSolution
		SolutionGuid = {B02E5837-8BDF-46F1-B491-D97E0DD39BCC}
	EndGlobalSection
EndGlobal
